// !$*UTF8*$!
{
	archiveVersion = 1;
	classes = {
	};
	objectVersion = 56;
	objects = {

/* Begin PBXBuildFile section */
		7B6E3F332C5FEBC8002203E6 /* PhotoEditorAppApp.swift in Sources */ = {isa = PBXBuildFile; fileRef = 7B6E3F322C5FEBC8002203E6 /* PhotoEditorAppApp.swift */; };
		7B6E3F352C5FEBC8002203E6 /* ContentView.swift in Sources */ = {isa = PBXBuildFile; fileRef = 7B6E3F342C5FEBC8002203E6 /* ContentView.swift */; };
		7B6E3F372C5FEBC9002203E6 /* Assets.xcassets in Resources */ = {isa = PBXBuildFile; fileRef = 7B6E3F362C5FEBC9002203E6 /* Assets.xcassets */; };
		7B6E3F3A2C5FEBC9002203E6 /* Preview Assets.xcassets in Resources */ = {isa = PBXBuildFile; fileRef = 7B6E3F392C5FEBC9002203E6 /* Preview Assets.xcassets */; };
		7B6E3F442C5FEBCA002203E6 /* PhotoEditorAppTests.swift in Sources */ = {isa = PBXBuildFile; fileRef = 7B6E3F432C5FEBCA002203E6 /* PhotoEditorAppTests.swift */; };
		7B6E3F4E2C5FEBCA002203E6 /* PhotoEditorAppUITests.swift in Sources */ = {isa = PBXBuildFile; fileRef = 7B6E3F4D2C5FEBCA002203E6 /* PhotoEditorAppUITests.swift */; };
		7B6E3F502C5FEBCA002203E6 /* PhotoEditorAppUITestsLaunchTests.swift in Sources */ = {isa = PBXBuildFile; fileRef = 7B6E3F4F2C5FEBCA002203E6 /* PhotoEditorAppUITestsLaunchTests.swift */; };
/* End PBXBuildFile section */

/* Begin PBXContainerItemProxy section */
		7B6E3F402C5FEBCA002203E6 /* PBXContainerItemProxy */ = {
			isa = PBXContainerItemProxy;
			containerPortal = 7B6E3F272C5FEBC8002203E6 /* Project object */;
			proxyType = 1;
			remoteGlobalIDString = 7B6E3F2E2C5FEBC8002203E6;
			remoteInfo = PhotoEditorApp;
		};
		7B6E3F4A2C5FEBCA002203E6 /* PBXContainerItemProxy */ = {
			isa = PBXContainerItemProxy;
			containerPortal = 7B6E3F272C5FEBC8002203E6 /* Project object */;
			proxyType = 1;
			remoteGlobalIDString = 7B6E3F2E2C5FEBC8002203E6;
			remoteInfo = PhotoEditorApp;
		};
/* End PBXContainerItemProxy section */

/* Begin PBXFileReference section */
		7B6E3F2F2C5FEBC8002203E6 /* PhotoEditorApp.app */ = {isa = PBXFileReference; explicitFileType = wrapper.application; includeInIndex = 0; path = PhotoEditorApp.app; sourceTree = BUILT_PRODUCTS_DIR; };
		7B6E3F322C5FEBC8002203E6 /* PhotoEditorAppApp.swift */ = {isa = PBXFileReference; lastKnownFileType = sourcecode.swift; path = PhotoEditorAppApp.swift; sourceTree = "<group>"; };
		7B6E3F342C5FEBC8002203E6 /* ContentView.swift */ = {isa = PBXFileReference; lastKnownFileType = sourcecode.swift; path = ContentView.swift; sourceTree = "<group>"; };
		7B6E3F362C5FEBC9002203E6 /* Assets.xcassets */ = {isa = PBXFileReference; lastKnownFileType = folder.assetcatalog; path = Assets.xcassets; sourceTree = "<group>"; };
		7B6E3F392C5FEBC9002203E6 /* Preview Assets.xcassets */ = {isa = PBXFileReference; lastKnownFileType = folder.assetcatalog; path = "Preview Assets.xcassets"; sourceTree = "<group>"; };
		7B6E3F3F2C5FEBCA002203E6 /* PhotoEditorAppTests.xctest */ = {isa = PBXFileReference; explicitFileType = wrapper.cfbundle; includeInIndex = 0; path = PhotoEditorAppTests.xctest; sourceTree = BUILT_PRODUCTS_DIR; };
		7B6E3F432C5FEBCA002203E6 /* PhotoEditorAppTests.swift */ = {isa = PBXFileReference; lastKnownFileType = sourcecode.swift; path = PhotoEditorAppTests.swift; sourceTree = "<group>"; };
		7B6E3F492C5FEBCA002203E6 /* PhotoEditorAppUITests.xctest */ = {isa = PBXFileReference; explicitFileType = wrapper.cfbundle; includeInIndex = 0; path = PhotoEditorAppUITests.xctest; sourceTree = BUILT_PRODUCTS_DIR; };
		7B6E3F4D2C5FEBCA002203E6 /* PhotoEditorAppUITests.swift */ = {isa = PBXFileReference; lastKnownFileType = sourcecode.swift; path = PhotoEditorAppUITests.swift; sourceTree = "<group>"; };
		7B6E3F4F2C5FEBCA002203E6 /* PhotoEditorAppUITestsLaunchTests.swift */ = {isa = PBXFileReference; lastKnownFileType = sourcecode.swift; path = PhotoEditorAppUITestsLaunchTests.swift; sourceTree = "<group>"; };
/* End PBXFileReference section */

/* Begin PBXFrameworksBuildPhase section */
		7B6E3F2C2C5FEBC8002203E6 /* Frameworks */ = {
			isa = PBXFrameworksBuildPhase;
			buildActionMask = 2147483647;
			files = (
			);
			runOnlyForDeploymentPostprocessing = 0;
		};
		7B6E3F3C2C5FEBCA002203E6 /* Frameworks */ = {
			isa = PBXFrameworksBuildPhase;
			buildActionMask = 2147483647;
			files = (
			);
			runOnlyForDeploymentPostprocessing = 0;
		};
		7B6E3F462C5FEBCA002203E6 /* Frameworks */ = {
			isa = PBXFrameworksBuildPhase;
			buildActionMask = 2147483647;
			files = (
			);
			runOnlyForDeploymentPostprocessing = 0;
		};
/* End PBXFrameworksBuildPhase section */

/* Begin PBXGroup section */
		7B6E3F262C5FEBC8002203E6 = {
			isa = PBXGroup;
			children = (
				7B6E3F312C5FEBC8002203E6 /* PhotoEditorApp */,
				7B6E3F422C5FEBCA002203E6 /* PhotoEditorAppTests */,
				7B6E3F4C2C5FEBCA002203E6 /* PhotoEditorAppUITests */,
				7B6E3F302C5FEBC8002203E6 /* Products */,
			);
			sourceTree = "<group>";
		};
		7B6E3F302C5FEBC8002203E6 /* Products */ = {
			isa = PBXGroup;
			children = (
				7B6E3F2F2C5FEBC8002203E6 /* PhotoEditorApp.app */,
				7B6E3F3F2C5FEBCA002203E6 /* PhotoEditorAppTests.xctest */,
				7B6E3F492C5FEBCA002203E6 /* PhotoEditorAppUITests.xctest */,
			);
			name = Products;
			sourceTree = "<group>";
		};
		7B6E3F312C5FEBC8002203E6 /* PhotoEditorApp */ = {
			isa = PBXGroup;
			children = (
				7B6E3F322C5FEBC8002203E6 /* PhotoEditorAppApp.swift */,
				7B6E3F342C5FEBC8002203E6 /* ContentView.swift */,
				7B6E3F362C5FEBC9002203E6 /* Assets.xcassets */,
				7B6E3F382C5FEBC9002203E6 /* Preview Content */,
			);
			path = PhotoEditorApp;
			sourceTree = "<group>";
		};
		7B6E3F382C5FEBC9002203E6 /* Preview Content */ = {
			isa = PBXGroup;
			children = (
				7B6E3F392C5FEBC9002203E6 /* Preview Assets.xcassets */,
			);
			path = "Preview Content";
			sourceTree = "<group>";
		};
		7B6E3F422C5FEBCA002203E6 /* PhotoEditorAppTests */ = {
			isa = PBXGroup;
			children = (
				7B6E3F432C5FEBCA002203E6 /* PhotoEditorAppTests.swift */,
			);
			path = PhotoEditorAppTests;
			sourceTree = "<group>";
		};
		7B6E3F4C2C5FEBCA002203E6 /* PhotoEditorAppUITests */ = {
			isa = PBXGroup;
			children = (
				7B6E3F4D2C5FEBCA002203E6 /* PhotoEditorAppUITests.swift */,
				7B6E3F4F2C5FEBCA002203E6 /* PhotoEditorAppUITestsLaunchTests.swift */,
			);
			path = PhotoEditorAppUITests;
			sourceTree = "<group>";
		};
/* End PBXGroup section */

/* Begin PBXNativeTarget section */
		7B6E3F2E2C5FEBC8002203E6 /* PhotoEditorApp */ = {
			isa = PBXNativeTarget;
			buildConfigurationList = 7B6E3F532C5FEBCA002203E6 /* Build configuration list for PBXNativeTarget "PhotoEditorApp" */;
			buildPhases = (
				7B6E3F2B2C5FEBC8002203E6 /* Sources */,
				7B6E3F2C2C5FEBC8002203E6 /* Frameworks */,
				7B6E3F2D2C5FEBC8002203E6 /* Resources */,
			);
			buildRules = (
			);
			dependencies = (
			);
			name = PhotoEditorApp;
			productName = PhotoEditorApp;
			productReference = 7B6E3F2F2C5FEBC8002203E6 /* PhotoEditorApp.app */;
			productType = "com.apple.product-type.application";
		};
		7B6E3F3E2C5FEBCA002203E6 /* PhotoEditorAppTests */ = {
			isa = PBXNativeTarget;
			buildConfigurationList = 7B6E3F562C5FEBCA002203E6 /* Build configuration list for PBXNativeTarget "PhotoEditorAppTests" */;
			buildPhases = (
				7B6E3F3B2C5FEBCA002203E6 /* Sources */,
				7B6E3F3C2C5FEBCA002203E6 /* Frameworks */,
				7B6E3F3D2C5FEBCA002203E6 /* Resources */,
			);
			buildRules = (
			);
			dependencies = (
				7B6E3F412C5FEBCA002203E6 /* PBXTargetDependency */,
			);
			name = PhotoEditorAppTests;
			productName = PhotoEditorAppTests;
			productReference = 7B6E3F3F2C5FEBCA002203E6 /* PhotoEditorAppTests.xctest */;
			productType = "com.apple.product-type.bundle.unit-test";
		};
		7B6E3F482C5FEBCA002203E6 /* PhotoEditorAppUITests */ = {
			isa = PBXNativeTarget;
			buildConfigurationList = 7B6E3F592C5FEBCA002203E6 /* Build configuration list for PBXNativeTarget "PhotoEditorAppUITests" */;
			buildPhases = (
				7B6E3F452C5FEBCA002203E6 /* Sources */,
				7B6E3F462C5FEBCA002203E6 /* Frameworks */,
				7B6E3F472C5FEBCA002203E6 /* Resources */,
			);
			buildRules = (
			);
			dependencies = (
				7B6E3F4B2C5FEBCA002203E6 /* PBXTargetDependency */,
			);
			name = PhotoEditorAppUITests;
			productName = PhotoEditorAppUITests;
			productReference = 7B6E3F492C5FEBCA002203E6 /* PhotoEditorAppUITests.xctest */;
			productType = "com.apple.product-type.bundle.ui-testing";
		};
/* End PBXNativeTarget section */

/* Begin PBXProject section */
		7B6E3F272C5FEBC8002203E6 /* Project object */ = {
			isa = PBXProject;
			attributes = {
				BuildIndependentTargetsInParallel = 1;
				LastSwiftUpdateCheck = 1540;
				LastUpgradeCheck = 1540;
				TargetAttributes = {
					7B6E3F2E2C5FEBC8002203E6 = {
						CreatedOnToolsVersion = 15.4;
					};
					7B6E3F3E2C5FEBCA002203E6 = {
						CreatedOnToolsVersion = 15.4;
						TestTargetID = 7B6E3F2E2C5FEBC8002203E6;
					};
					7B6E3F482C5FEBCA002203E6 = {
						CreatedOnToolsVersion = 15.4;
						TestTargetID = 7B6E3F2E2C5FEBC8002203E6;
					};
				};
			};
			buildConfigurationList = 7B6E3F2A2C5FEBC8002203E6 /* Build configuration list for PBXProject "PhotoEditorApp" */;
			compatibilityVersion = "Xcode 14.0";
			developmentRegion = en;
			hasScannedForEncodings = 0;
			knownRegions = (
				en,
				Base,
			);
			mainGroup = 7B6E3F262C5FEBC8002203E6;
			productRefGroup = 7B6E3F302C5FEBC8002203E6 /* Products */;
			projectDirPath = "";
			projectRoot = "";
			targets = (
				7B6E3F2E2C5FEBC8002203E6 /* PhotoEditorApp */,
				7B6E3F3E2C5FEBCA002203E6 /* PhotoEditorAppTests */,
				7B6E3F482C5FEBCA002203E6 /* PhotoEditorAppUITests */,
			);
		};
/* End PBXProject section */

/* Begin PBXResourcesBuildPhase section */
		7B6E3F2D2C5FEBC8002203E6 /* Resources */ = {
			isa = PBXResourcesBuildPhase;
			buildActionMask = 2147483647;
			files = (
				7B6E3F3A2C5FEBC9002203E6 /* Preview Assets.xcassets in Resources */,
				7B6E3F372C5FEBC9002203E6 /* Assets.xcassets in Resources */,
			);
			runOnlyForDeploymentPostprocessing = 0;
		};
		7B6E3F3D2C5FEBCA002203E6 /* Resources */ = {
			isa = PBXResourcesBuildPhase;
			buildActionMask = 2147483647;
			files = (
			);
			runOnlyForDeploymentPostprocessing = 0;
		};
		7B6E3F472C5FEBCA002203E6 /* Resources */ = {
			isa = PBXResourcesBuildPhase;
			buildActionMask = 2147483647;
			files = (
			);
			runOnlyForDeploymentPostprocessing = 0;
		};
/* End PBXResourcesBuildPhase section */

/* Begin PBXSourcesBuildPhase section */
		7B6E3F2B2C5FEBC8002203E6 /* Sources */ = {
			isa = PBXSourcesBuildPhase;
			buildActionMask = 2147483647;
			files = (
				7B6E3F352C5FEBC8002203E6 /* ContentView.swift in Sources */,
				7B6E3F332C5FEBC8002203E6 /* PhotoEditorAppApp.swift in Sources */,
			);
			runOnlyForDeploymentPostprocessing = 0;
		};
		7B6E3F3B2C5FEBCA002203E6 /* Sources */ = {
			isa = PBXSourcesBuildPhase;
			buildActionMask = 2147483647;
			files = (
				7B6E3F442C5FEBCA002203E6 /* PhotoEditorAppTests.swift in Sources */,
			);
			runOnlyForDeploymentPostprocessing = 0;
		};
		7B6E3F452C5FEBCA002203E6 /* Sources */ = {
			isa = PBXSourcesBuildPhase;
			buildActionMask = 2147483647;
			files = (
				7B6E3F502C5FEBCA002203E6 /* PhotoEditorAppUITestsLaunchTests.swift in Sources */,
				7B6E3F4E2C5FEBCA002203E6 /* PhotoEditorAppUITests.swift in Sources */,
			);
			runOnlyForDeploymentPostprocessing = 0;
		};
/* End PBXSourcesBuildPhase section */

/* Begin PBXTargetDependency section */
		7B6E3F412C5FEBCA002203E6 /* PBXTargetDependency */ = {
			isa = PBXTargetDependency;
			target = 7B6E3F2E2C5FEBC8002203E6 /* PhotoEditorApp */;
			targetProxy = 7B6E3F402C5FEBCA002203E6 /* PBXContainerItemProxy */;
		};
		7B6E3F4B2C5FEBCA002203E6 /* PBXTargetDependency */ = {
			isa = PBXTargetDependency;
			target = 7B6E3F2E2C5FEBC8002203E6 /* PhotoEditorApp */;
			targetProxy = 7B6E3F4A2C5FEBCA002203E6 /* PBXContainerItemProxy */;
		};
/* End PBXTargetDependency section */

/* Begin XCBuildConfiguration section */
		7B6E3F512C5FEBCA002203E6 /* Debug */ = {
			isa = XCBuildConfiguration;
			buildSettings = {
				ALWAYS_SEARCH_USER_PATHS = NO;
				ASSETCATALOG_COMPILER_GENERATE_SWIFT_ASSET_SYMBOL_EXTENSIONS = YES;
				CLANG_ANALYZER_NONNULL = YES;
				CLANG_ANALYZER_NUMBER_OBJECT_CONVERSION = YES_AGGRESSIVE;
				CLANG_CXX_LANGUAGE_STANDARD = "gnu++20";
				CLANG_ENABLE_MODULES = YES;
				CLANG_ENABLE_OBJC_ARC = YES;
				CLANG_ENABLE_OBJC_WEAK = YES;
				CLANG_WARN_BLOCK_CAPTURE_AUTORELEASING = YES;
				CLANG_WARN_BOOL_CONVERSION = YES;
				CLANG_WARN_COMMA = YES;
				CLANG_WARN_CONSTANT_CONVERSION = YES;
				CLANG_WARN_DEPRECATED_OBJC_IMPLEMENTATIONS = YES;
				CLANG_WARN_DIRECT_OBJC_ISA_USAGE = YES_ERROR;
				CLANG_WARN_DOCUMENTATION_COMMENTS = YES;
				CLANG_WARN_EMPTY_BODY = YES;
				CLANG_WARN_ENUM_CONVERSION = YES;
				CLANG_WARN_INFINITE_RECURSION = YES;
				CLANG_WARN_INT_CONVERSION = YES;
				CLANG_WARN_NON_LITERAL_NULL_CONVERSION = YES;
				CLANG_WARN_OBJC_IMPLICIT_RETAIN_SELF = YES;
				CLANG_WARN_OBJC_LITERAL_CONVERSION = YES;
				CLANG_WARN_OBJC_ROOT_CLASS = YES_ERROR;
				CLANG_WARN_QUOTED_INCLUDE_IN_FRAMEWORK_HEADER = YES;
				CLANG_WARN_RANGE_LOOP_ANALYSIS = YES;
				CLANG_WARN_STRICT_PROTOTYPES = YES;
				CLANG_WARN_SUSPICIOUS_MOVE = YES;
				CLANG_WARN_UNGUARDED_AVAILABILITY = YES_AGGRESSIVE;
				CLANG_WARN_UNREACHABLE_CODE = YES;
				CLANG_WARN__DUPLICATE_METHOD_MATCH = YES;
				COPY_PHASE_STRIP = NO;
				DEBUG_INFORMATION_FORMAT = dwarf;
				ENABLE_STRICT_OBJC_MSGSEND = YES;
				ENABLE_TESTABILITY = YES;
				ENABLE_USER_SCRIPT_SANDBOXING = YES;
				GCC_C_LANGUAGE_STANDARD = gnu17;
				GCC_DYNAMIC_NO_PIC = NO;
				GCC_NO_COMMON_BLOCKS = YES;
				GCC_OPTIMIZATION_LEVEL = 0;
				GCC_PREPROCESSOR_DEFINITIONS = (
					"DEBUG=1",
					"$(inherited)",
				);
				GCC_WARN_64_TO_32_BIT_CONVERSION = YES;
				GCC_WARN_ABOUT_RETURN_TYPE = YES_ERROR;
				GCC_WARN_UNDECLARED_SELECTOR = YES;
				GCC_WARN_UNINITIALIZED_AUTOS = YES_AGGRESSIVE;
				GCC_WARN_UNUSED_FUNCTION = YES;
				GCC_WARN_UNUSED_VARIABLE = YES;
				IPHONEOS_DEPLOYMENT_TARGET = 17.5;
				LOCALIZATION_PREFERS_STRING_CATALOGS = YES;
				MTL_ENABLE_DEBUG_INFO = INCLUDE_SOURCE;
				MTL_FAST_MATH = YES;
				ONLY_ACTIVE_ARCH = YES;
				SDKROOT = iphoneos;
				SWIFT_ACTIVE_COMPILATION_CONDITIONS = "DEBUG $(inherited)";
				SWIFT_OPTIMIZATION_LEVEL = "-Onone";
			};
			name = Debug;
		};
		7B6E3F522C5FEBCA002203E6 /* Release */ = {
			isa = XCBuildConfiguration;
			buildSettings = {
				ALWAYS_SEARCH_USER_PATHS = NO;
				ASSETCATALOG_COMPILER_GENERATE_SWIFT_ASSET_SYMBOL_EXTENSIONS = YES;
				CLANG_ANALYZER_NONNULL = YES;
				CLANG_ANALYZER_NUMBER_OBJECT_CONVERSION = YES_AGGRESSIVE;
				CLANG_CXX_LANGUAGE_STANDARD = "gnu++20";
				CLANG_ENABLE_MODULES = YES;
				CLANG_ENABLE_OBJC_ARC = YES;
				CLANG_ENABLE_OBJC_WEAK = YES;
				CLANG_WARN_BLOCK_CAPTURE_AUTORELEASING = YES;
				CLANG_WARN_BOOL_CONVERSION = YES;
				CLANG_WARN_COMMA = YES;
				CLANG_WARN_CONSTANT_CONVERSION = YES;
				CLANG_WARN_DEPRECATED_OBJC_IMPLEMENTATIONS = YES;
				CLANG_WARN_DIRECT_OBJC_ISA_USAGE = YES_ERROR;
				CLANG_WARN_DOCUMENTATION_COMMENTS = YES;
				CLANG_WARN_EMPTY_BODY = YES;
				CLANG_WARN_ENUM_CONVERSION = YES;
				CLANG_WARN_INFINITE_RECURSION = YES;
				CLANG_WARN_INT_CONVERSION = YES;
				CLANG_WARN_NON_LITERAL_NULL_CONVERSION = YES;
				CLANG_WARN_OBJC_IMPLICIT_RETAIN_SELF = YES;
				CLANG_WARN_OBJC_LITERAL_CONVERSION = YES;
				CLANG_WARN_OBJC_ROOT_CLASS = YES_ERROR;
				CLANG_WARN_QUOTED_INCLUDE_IN_FRAMEWORK_HEADER = YES;
				CLANG_WARN_RANGE_LOOP_ANALYSIS = YES;
				CLANG_WARN_STRICT_PROTOTYPES = YES;
				CLANG_WARN_SUSPICIOUS_MOVE = YES;
				CLANG_WARN_UNGUARDED_AVAILABILITY = YES_AGGRESSIVE;
				CLANG_WARN_UNREACHABLE_CODE = YES;
				CLANG_WARN__DUPLICATE_METHOD_MATCH = YES;
				COPY_PHASE_STRIP = NO;
				DEBUG_INFORMATION_FORMAT = "dwarf-with-dsym";
				ENABLE_NS_ASSERTIONS = NO;
				ENABLE_STRICT_OBJC_MSGSEND = YES;
				ENABLE_USER_SCRIPT_SANDBOXING = YES;
				GCC_C_LANGUAGE_STANDARD = gnu17;
				GCC_NO_COMMON_BLOCKS = YES;
				GCC_WARN_64_TO_32_BIT_CONVERSION = YES;
				GCC_WARN_ABOUT_RETURN_TYPE = YES_ERROR;
				GCC_WARN_UNDECLARED_SELECTOR = YES;
				GCC_WARN_UNINITIALIZED_AUTOS = YES_AGGRESSIVE;
				GCC_WARN_UNUSED_FUNCTION = YES;
				GCC_WARN_UNUSED_VARIABLE = YES;
				IPHONEOS_DEPLOYMENT_TARGET = 17.5;
				LOCALIZATION_PREFERS_STRING_CATALOGS = YES;
				MTL_ENABLE_DEBUG_INFO = NO;
				MTL_FAST_MATH = YES;
				SDKROOT = iphoneos;
				SWIFT_COMPILATION_MODE = wholemodule;
				VALIDATE_PRODUCT = YES;
			};
			name = Release;
		};
		7B6E3F542C5FEBCA002203E6 /* Debug */ = {
			isa = XCBuildConfiguration;
			buildSettings = {
				ASSETCATALOG_COMPILER_APPICON_NAME = AppIcon;
				ASSETCATALOG_COMPILER_GLOBAL_ACCENT_COLOR_NAME = AccentColor;
				CODE_SIGN_STYLE = Automatic;
				CURRENT_PROJECT_VERSION = 1;
				DEVELOPMENT_ASSET_PATHS = "\"PhotoEditorApp/Preview Content\"";
				DEVELOPMENT_TEAM = 3DJM2CZRX2;
				ENABLE_PREVIEWS = YES;
				GENERATE_INFOPLIST_FILE = YES;
				INFOPLIST_KEY_UIApplicationSceneManifest_Generation = YES;
				INFOPLIST_KEY_UIApplicationSupportsIndirectInputEvents = YES;
				INFOPLIST_KEY_UILaunchScreen_Generation = YES;
				INFOPLIST_KEY_UISupportedInterfaceOrientations_iPad = "UIInterfaceOrientationPortrait UIInterfaceOrientationPortraitUpsideDown UIInterfaceOrientationLandscapeLeft UIInterfaceOrientationLandscapeRight";
				INFOPLIST_KEY_UISupportedInterfaceOrientations_iPhone = "UIInterfaceOrientationPortrait UIInterfaceOrientationLandscapeLeft UIInterfaceOrientationLandscapeRight";
				LD_RUNPATH_SEARCH_PATHS = (
					"$(inherited)",
					"@executable_path/Frameworks",
				);
				MARKETING_VERSION = 1.0;
				PRODUCT_BUNDLE_IDENTIFIER = AssA.PhotoEditorApp;
				PRODUCT_NAME = "$(TARGET_NAME)";
				SWIFT_EMIT_LOC_STRINGS = YES;
				SWIFT_VERSION = 5.0;
				TARGETED_DEVICE_FAMILY = "1,2";
			};
			name = Debug;
		};
		7B6E3F552C5FEBCA002203E6 /* Release */ = {
			isa = XCBuildConfiguration;
			buildSettings = {
				ASSETCATALOG_COMPILER_APPICON_NAME = AppIcon;
				ASSETCATALOG_COMPILER_GLOBAL_ACCENT_COLOR_NAME = AccentColor;
				CODE_SIGN_STYLE = Automatic;
				CURRENT_PROJECT_VERSION = 1;
				DEVELOPMENT_ASSET_PATHS = "\"PhotoEditorApp/Preview Content\"";
				DEVELOPMENT_TEAM = 3DJM2CZRX2;
				ENABLE_PREVIEWS = YES;
				GENERATE_INFOPLIST_FILE = YES;
				INFOPLIST_KEY_UIApplicationSceneManifest_Generation = YES;
				INFOPLIST_KEY_UIApplicationSupportsIndirectInputEvents = YES;
				INFOPLIST_KEY_UILaunchScreen_Generation = YES;
				INFOPLIST_KEY_UISupportedInterfaceOrientations_iPad = "UIInterfaceOrientationPortrait UIInterfaceOrientationPortraitUpsideDown UIInterfaceOrientationLandscapeLeft UIInterfaceOrientationLandscapeRight";
				INFOPLIST_KEY_UISupportedInterfaceOrientations_iPhone = "UIInterfaceOrientationPortrait UIInterfaceOrientationLandscapeLeft UIInterfaceOrientationLandscapeRight";
				LD_RUNPATH_SEARCH_PATHS = (
					"$(inherited)",
					"@executable_path/Frameworks",
				);
				MARKETING_VERSION = 1.0;
				PRODUCT_BUNDLE_IDENTIFIER = AssA.PhotoEditorApp;
				PRODUCT_NAME = "$(TARGET_NAME)";
				SWIFT_EMIT_LOC_STRINGS = YES;
				SWIFT_VERSION = 5.0;
				TARGETED_DEVICE_FAMILY = "1,2";
			};
			name = Release;
		};
		7B6E3F572C5FEBCA002203E6 /* Debug */ = {
			isa = XCBuildConfiguration;
			buildSettings = {
				ALWAYS_EMBED_SWIFT_STANDARD_LIBRARIES = YES;
				BUNDLE_LOADER = "$(TEST_HOST)";
				CODE_SIGN_STYLE = Automatic;
				CURRENT_PROJECT_VERSION = 1;
				DEVELOPMENT_TEAM = 3DJM2CZRX2;
				GENERATE_INFOPLIST_FILE = YES;
				IPHONEOS_DEPLOYMENT_TARGET = 17.5;
				MARKETING_VERSION = 1.0;
				PRODUCT_BUNDLE_IDENTIFIER = AssA.PhotoEditorAppTests;
				PRODUCT_NAME = "$(TARGET_NAME)";
				SWIFT_EMIT_LOC_STRINGS = NO;
				SWIFT_VERSION = 5.0;
				TARGETED_DEVICE_FAMILY = "1,2";
				TEST_HOST = "$(BUILT_PRODUCTS_DIR)/PhotoEditorApp.app/$(BUNDLE_EXECUTABLE_FOLDER_PATH)/PhotoEditorApp";
			};
			name = Debug;
		};
		7B6E3F582C5FEBCA002203E6 /* Release */ = {
			isa = XCBuildConfiguration;
			buildSettings = {
				ALWAYS_EMBED_SWIFT_STANDARD_LIBRARIES = YES;
				BUNDLE_LOADER = "$(TEST_HOST)";
				CODE_SIGN_STYLE = Automatic;
				CURRENT_PROJECT_VERSION = 1;
				DEVELOPMENT_TEAM = 3DJM2CZRX2;
				GENERATE_INFOPLIST_FILE = YES;
				IPHONEOS_DEPLOYMENT_TARGET = 17.5;
				MARKETING_VERSION = 1.0;
				PRODUCT_BUNDLE_IDENTIFIER = AssA.PhotoEditorAppTests;
				PRODUCT_NAME = "$(TARGET_NAME)";
				SWIFT_EMIT_LOC_STRINGS = NO;
				SWIFT_VERSION = 5.0;
				TARGETED_DEVICE_FAMILY = "1,2";
				TEST_HOST = "$(BUILT_PRODUCTS_DIR)/PhotoEditorApp.app/$(BUNDLE_EXECUTABLE_FOLDER_PATH)/PhotoEditorApp";
			};
			name = Release;
		};
		7B6E3F5A2C5FEBCA002203E6 /* Debug */ = {
			isa = XCBuildConfiguration;
			buildSettings = {
				ALWAYS_EMBED_SWIFT_STANDARD_LIBRARIES = YES;
				CODE_SIGN_STYLE = Automatic;
				CURRENT_PROJECT_VERSION = 1;
				DEVELOPMENT_TEAM = 3DJM2CZRX2;
				GENERATE_INFOPLIST_FILE = YES;
				MARKETING_VERSION = 1.0;
				PRODUCT_BUNDLE_IDENTIFIER = AssA.PhotoEditorAppUITests;
				PRODUCT_NAME = "$(TARGET_NAME)";
				SWIFT_EMIT_LOC_STRINGS = NO;
				SWIFT_VERSION = 5.0;
				TARGETED_DEVICE_FAMILY = "1,2";
				TEST_TARGET_NAME = PhotoEditorApp;
			};
			name = Debug;
		};
		7B6E3F5B2C5FEBCA002203E6 /* Release */ = {
			isa = XCBuildConfiguration;
			buildSettings = {
				ALWAYS_EMBED_SWIFT_STANDARD_LIBRARIES = YES;
				CODE_SIGN_STYLE = Automatic;
				CURRENT_PROJECT_VERSION = 1;
				DEVELOPMENT_TEAM = 3DJM2CZRX2;
				GENERATE_INFOPLIST_FILE = YES;
				MARKETING_VERSION = 1.0;
				PRODUCT_BUNDLE_IDENTIFIER = AssA.PhotoEditorAppUITests;
				PRODUCT_NAME = "$(TARGET_NAME)";
				SWIFT_EMIT_LOC_STRINGS = NO;
				SWIFT_VERSION = 5.0;
				TARGETED_DEVICE_FAMILY = "1,2";
				TEST_TARGET_NAME = PhotoEditorApp;
			};
			name = Release;
		};
/* End XCBuildConfiguration section */

/* Begin XCConfigurationList section */
		7B6E3F2A2C5FEBC8002203E6 /* Build configuration list for PBXProject "PhotoEditorApp" */ = {
			isa = XCConfigurationList;
			buildConfigurations = (
				7B6E3F512C5FEBCA002203E6 /* Debug */,
				7B6E3F522C5FEBCA002203E6 /* Release */,
			);
			defaultConfigurationIsVisible = 0;
			defaultConfigurationName = Release;
		};
		7B6E3F532C5FEBCA002203E6 /* Build configuration list for PBXNativeTarget "PhotoEditorApp" */ = {
			isa = XCConfigurationList;
			buildConfigurations = (
				7B6E3F542C5FEBCA002203E6 /* Debug */,
				7B6E3F552C5FEBCA002203E6 /* Release */,
			);
			defaultConfigurationIsVisible = 0;
			defaultConfigurationName = Release;
		};
		7B6E3F562C5FEBCA002203E6 /* Build configuration list for PBXNativeTarget "PhotoEditorAppTests" */ = {
			isa = XCConfigurationList;
			buildConfigurations = (
				7B6E3F572C5FEBCA002203E6 /* Debug */,
				7B6E3F582C5FEBCA002203E6 /* Release */,
			);
			defaultConfigurationIsVisible = 0;
			defaultConfigurationName = Release;
		};
		7B6E3F592C5FEBCA002203E6 /* Build configuration list for PBXNativeTarget "PhotoEditorAppUITests" */ = {
			isa = XCConfigurationList;
			buildConfigurations = (
				7B6E3F5A2C5FEBCA002203E6 /* Debug */,
				7B6E3F5B2C5FEBCA002203E6 /* Release */,
			);
			defaultConfigurationIsVisible = 0;
			defaultConfigurationName = Release;
		};
/* End XCConfigurationList section */
	};
	rootObject = 7B6E3F272C5FEBC8002203E6 /* Project object */;
}
